// !$*UTF8*$!
{
	archiveVersion = 1;
	classes = {
	};
	objectVersion = 46;
	objects = {

/* Begin PBXBuildFile section */
		E185EA05166598D80026FFB3 /* UIKit.framework in Frameworks */ = {isa = PBXBuildFile; fileRef = E185EA04166598D80026FFB3 /* UIKit.framework */; };
		E185EA07166598D80026FFB3 /* Foundation.framework in Frameworks */ = {isa = PBXBuildFile; fileRef = E185EA06166598D80026FFB3 /* Foundation.framework */; };
		E185EA09166598D80026FFB3 /* CoreGraphics.framework in Frameworks */ = {isa = PBXBuildFile; fileRef = E185EA08166598D80026FFB3 /* CoreGraphics.framework */; };
		E185EA0F166598D80026FFB3 /* InfoPlist.strings in Resources */ = {isa = PBXBuildFile; fileRef = E185EA0D166598D80026FFB3 /* InfoPlist.strings */; };
		E185EA11166598D80026FFB3 /* main.m in Sources */ = {isa = PBXBuildFile; fileRef = E185EA10166598D80026FFB3 /* main.m */; };
		E185EA15166598D80026FFB3 /* TESTAppDelegate.m in Sources */ = {isa = PBXBuildFile; fileRef = E185EA14166598D80026FFB3 /* TESTAppDelegate.m */; };
		E185EA17166598D80026FFB3 /* Default.png in Resources */ = {isa = PBXBuildFile; fileRef = E185EA16166598D80026FFB3 /* Default.png */; };
		E185EA19166598D80026FFB3 /* Default@2x.png in Resources */ = {isa = PBXBuildFile; fileRef = E185EA18166598D80026FFB3 /* Default@2x.png */; };
		E185EA1B166598D80026FFB3 /* Default-568h@2x.png in Resources */ = {isa = PBXBuildFile; fileRef = E185EA1A166598D80026FFB3 /* Default-568h@2x.png */; };
		E185EA1E166598D80026FFB3 /* MainStoryboard_iPhone.storyboard in Resources */ = {isa = PBXBuildFile; fileRef = E185EA1C166598D80026FFB3 /* MainStoryboard_iPhone.storyboard */; };
		E185EA21166598D80026FFB3 /* MainStoryboard_iPad.storyboard in Resources */ = {isa = PBXBuildFile; fileRef = E185EA1F166598D80026FFB3 /* MainStoryboard_iPad.storyboard */; };
		E185EA24166598D80026FFB3 /* TESTViewController.m in Sources */ = {isa = PBXBuildFile; fileRef = E185EA23166598D80026FFB3 /* TESTViewController.m */; };
		E185EA2B1665991B0026FFB3 /* bear.png in Resources */ = {isa = PBXBuildFile; fileRef = E185EA2A1665991B0026FFB3 /* bear.png */; };
		E185EA2D1665A5A80026FFB3 /* plate.png in Resources */ = {isa = PBXBuildFile; fileRef = E185EA2C1665A5A80026FFB3 /* plate.png */; };
/* End PBXBuildFile section */

/* Begin PBXFileReference section */
		E185EA00166598D80026FFB3 /* ClickTransparentImage.app */ = {isa = PBXFileReference; explicitFileType = wrapper.application; includeInIndex = 0; path = ClickTransparentImage.app; sourceTree = BUILT_PRODUCTS_DIR; };
		E185EA04166598D80026FFB3 /* UIKit.framework */ = {isa = PBXFileReference; lastKnownFileType = wrapper.framework; name = UIKit.framework; path = System/Library/Frameworks/UIKit.framework; sourceTree = SDKROOT; };
		E185EA06166598D80026FFB3 /* Foundation.framework */ = {isa = PBXFileReference; lastKnownFileType = wrapper.framework; name = Foundation.framework; path = System/Library/Frameworks/Foundation.framework; sourceTree = SDKROOT; };
		E185EA08166598D80026FFB3 /* CoreGraphics.framework */ = {isa = PBXFileReference; lastKnownFileType = wrapper.framework; name = CoreGraphics.framework; path = System/Library/Frameworks/CoreGraphics.framework; sourceTree = SDKROOT; };
		E185EA0C166598D80026FFB3 /* ClickTransparentImage-Info.plist */ = {isa = PBXFileReference; lastKnownFileType = text.plist.xml; path = "ClickTransparentImage-Info.plist"; sourceTree = "<group>"; };
		E185EA0E166598D80026FFB3 /* en */ = {isa = PBXFileReference; lastKnownFileType = text.plist.strings; name = en; path = en.lproj/InfoPlist.strings; sourceTree = "<group>"; };
		E185EA10166598D80026FFB3 /* main.m */ = {isa = PBXFileReference; lastKnownFileType = sourcecode.c.objc; path = main.m; sourceTree = "<group>"; };
		E185EA12166598D80026FFB3 /* ClickTransparentImage-Prefix.pch */ = {isa = PBXFileReference; lastKnownFileType = sourcecode.c.h; path = "ClickTransparentImage-Prefix.pch"; sourceTree = "<group>"; };
		E185EA13166598D80026FFB3 /* TESTAppDelegate.h */ = {isa = PBXFileReference; lastKnownFileType = sourcecode.c.h; path = TESTAppDelegate.h; sourceTree = "<group>"; };
		E185EA14166598D80026FFB3 /* TESTAppDelegate.m */ = {isa = PBXFileReference; lastKnownFileType = sourcecode.c.objc; path = TESTAppDelegate.m; sourceTree = "<group>"; };
		E185EA16166598D80026FFB3 /* Default.png */ = {isa = PBXFileReference; lastKnownFileType = image.png; path = Default.png; sourceTree = "<group>"; };
		E185EA18166598D80026FFB3 /* Default@2x.png */ = {isa = PBXFileReference; lastKnownFileType = image.png; path = "Default@2x.png"; sourceTree = "<group>"; };
		E185EA1A166598D80026FFB3 /* Default-568h@2x.png */ = {isa = PBXFileReference; lastKnownFileType = image.png; path = "Default-568h@2x.png"; sourceTree = "<group>"; };
		E185EA1D166598D80026FFB3 /* en */ = {isa = PBXFileReference; lastKnownFileType = file.storyboard; name = en; path = en.lproj/MainStoryboard_iPhone.storyboard; sourceTree = "<group>"; };
		E185EA20166598D80026FFB3 /* en */ = {isa = PBXFileReference; lastKnownFileType = file.storyboard; name = en; path = en.lproj/MainStoryboard_iPad.storyboard; sourceTree = "<group>"; };
		E185EA22166598D80026FFB3 /* TESTViewController.h */ = {isa = PBXFileReference; lastKnownFileType = sourcecode.c.h; path = TESTViewController.h; sourceTree = "<group>"; };
		E185EA23166598D80026FFB3 /* TESTViewController.m */ = {isa = PBXFileReference; lastKnownFileType = sourcecode.c.objc; path = TESTViewController.m; sourceTree = "<group>"; };
		E185EA2A1665991B0026FFB3 /* bear.png */ = {isa = PBXFileReference; lastKnownFileType = image.png; path = bear.png; sourceTree = "<group>"; };
		E185EA2C1665A5A80026FFB3 /* plate.png */ = {isa = PBXFileReference; lastKnownFileType = image.png; path = plate.png; sourceTree = "<group>"; };
/* End PBXFileReference section */

/* Begin PBXFrameworksBuildPhase section */
		E185E9FD166598D80026FFB3 /* Frameworks */ = {
			isa = PBXFrameworksBuildPhase;
			buildActionMask = 2147483647;
			files = (
				E185EA05166598D80026FFB3 /* UIKit.framework in Frameworks */,
				E185EA07166598D80026FFB3 /* Foundation.framework in Frameworks */,
				E185EA09166598D80026FFB3 /* CoreGraphics.framework in Frameworks */,
			);
			runOnlyForDeploymentPostprocessing = 0;
		};
/* End PBXFrameworksBuildPhase section */

/* Begin PBXGroup section */
		E185E9F5166598D80026FFB3 = {
			isa = PBXGroup;
			children = (
				E185EA0A166598D80026FFB3 /* ClickTransparentImage */,
				E185EA03166598D80026FFB3 /* Frameworks */,
				E185EA01166598D80026FFB3 /* Products */,
			);
			sourceTree = "<group>";
		};
		E185EA01166598D80026FFB3 /* Products */ = {
			isa = PBXGroup;
			children = (
				E185EA00166598D80026FFB3 /* ClickTransparentImage.app */,
			);
			name = Products;
			sourceTree = "<group>";
		};
		E185EA03166598D80026FFB3 /* Frameworks */ = {
			isa = PBXGroup;
			children = (
				E185EA04166598D80026FFB3 /* UIKit.framework */,
				E185EA06166598D80026FFB3 /* Foundation.framework */,
				E185EA08166598D80026FFB3 /* CoreGraphics.framework */,
			);
			name = Frameworks;
			sourceTree = "<group>";
		};
		E185EA0A166598D80026FFB3 /* ClickTransparentImage */ = {
			isa = PBXGroup;
			children = (
				E185EA13166598D80026FFB3 /* TESTAppDelegate.h */,
				E185EA14166598D80026FFB3 /* TESTAppDelegate.m */,
				E185EA1C166598D80026FFB3 /* MainStoryboard_iPhone.storyboard */,
				E185EA1F166598D80026FFB3 /* MainStoryboard_iPad.storyboard */,
				E185EA22166598D80026FFB3 /* TESTViewController.h */,
				E185EA23166598D80026FFB3 /* TESTViewController.m */,
				E185EA0B166598D80026FFB3 /* Supporting Files */,
			);
			path = ClickTransparentImage;
			sourceTree = "<group>";
		};
		E185EA0B166598D80026FFB3 /* Supporting Files */ = {
			isa = PBXGroup;
			children = (
				E185EA2A1665991B0026FFB3 /* bear.png */,
				E185EA0C166598D80026FFB3 /* ClickTransparentImage-Info.plist */,
				E185EA2C1665A5A80026FFB3 /* plate.png */,
				E185EA0D166598D80026FFB3 /* InfoPlist.strings */,
				E185EA10166598D80026FFB3 /* main.m */,
				E185EA12166598D80026FFB3 /* ClickTransparentImage-Prefix.pch */,
				E185EA16166598D80026FFB3 /* Default.png */,
				E185EA18166598D80026FFB3 /* Default@2x.png */,
				E185EA1A166598D80026FFB3 /* Default-568h@2x.png */,
			);
			name = "Supporting Files";
			sourceTree = "<group>";
		};
/* End PBXGroup section */

/* Begin PBXNativeTarget section */
		E185E9FF166598D80026FFB3 /* ClickTransparentImage */ = {
			isa = PBXNativeTarget;
			buildConfigurationList = E185EA27166598D80026FFB3 /* Build configuration list for PBXNativeTarget "ClickTransparentImage" */;
			buildPhases = (
				E185E9FC166598D80026FFB3 /* Sources */,
				E185E9FD166598D80026FFB3 /* Frameworks */,
				E185E9FE166598D80026FFB3 /* Resources */,
			);
			buildRules = (
			);
			dependencies = (
			);
			name = ClickTransparentImage;
			productName = ClickTransparentImage;
			productReference = E185EA00166598D80026FFB3 /* ClickTransparentImage.app */;
			productType = "com.apple.product-type.application";
		};
/* End PBXNativeTarget section */

/* Begin PBXProject section */
		E185E9F7166598D80026FFB3 /* Project object */ = {
			isa = PBXProject;
			attributes = {
				CLASSPREFIX = TEST;
				LastUpgradeCheck = 0450;
				ORGANIZATIONNAME = LFS;
			};
			buildConfigurationList = E185E9FA166598D80026FFB3 /* Build configuration list for PBXProject "ClickTransparentImage" */;
			compatibilityVersion = "Xcode 3.2";
			developmentRegion = English;
			hasScannedForEncodings = 0;
			knownRegions = (
				en,
			);
			mainGroup = E185E9F5166598D80026FFB3;
			productRefGroup = E185EA01166598D80026FFB3 /* Products */;
			projectDirPath = "";
			projectRoot = "";
			targets = (
				E185E9FF166598D80026FFB3 /* ClickTransparentImage */,
			);
		};
/* End PBXProject section */

/* Begin PBXResourcesBuildPhase section */
		E185E9FE166598D80026FFB3 /* Resources */ = {
			isa = PBXResourcesBuildPhase;
			buildActionMask = 2147483647;
			files = (
				E185EA0F166598D80026FFB3 /* InfoPlist.strings in Resources */,
				E185EA17166598D80026FFB3 /* Default.png in Resources */,
				E185EA19166598D80026FFB3 /* Default@2x.png in Resources */,
				E185EA1B166598D80026FFB3 /* Default-568h@2x.png in Resources */,
				E185EA1E166598D80026FFB3 /* MainStoryboard_iPhone.storyboard in Resources */,
				E185EA21166598D80026FFB3 /* MainStoryboard_iPad.storyboard in Resources */,
				E185EA2B1665991B0026FFB3 /* bear.png in Resources */,
				E185EA2D1665A5A80026FFB3 /* plate.png in Resources */,
			);
			runOnlyForDeploymentPostprocessing = 0;
		};
/* End PBXResourcesBuildPhase section */

/* Begin PBXSourcesBuildPhase section */
		E185E9FC166598D80026FFB3 /* Sources */ = {
			isa = PBXSourcesBuildPhase;
			buildActionMask = 2147483647;
			files = (
				E185EA11166598D80026FFB3 /* main.m in Sources */,
				E185EA15166598D80026FFB3 /* TESTAppDelegate.m in Sources */,
				E185EA24166598D80026FFB3 /* TESTViewController.m in Sources */,
			);
			runOnlyForDeploymentPostprocessing = 0;
		};
/* End PBXSourcesBuildPhase section */

/* Begin PBXVariantGroup section */
		E185EA0D166598D80026FFB3 /* InfoPlist.strings */ = {
			isa = PBXVariantGroup;
			children = (
				E185EA0E166598D80026FFB3 /* en */,
			);
			name = InfoPlist.strings;
			sourceTree = "<group>";
		};
		E185EA1C166598D80026FFB3 /* MainStoryboard_iPhone.storyboard */ = {
			isa = PBXVariantGroup;
			children = (
				E185EA1D166598D80026FFB3 /* en */,
			);
			name = MainStoryboard_iPhone.storyboard;
			sourceTree = "<group>";
		};
		E185EA1F166598D80026FFB3 /* MainStoryboard_iPad.storyboard */ = {
			isa = PBXVariantGroup;
			children = (
				E185EA20166598D80026FFB3 /* en */,
			);
			name = MainStoryboard_iPad.storyboard;
			sourceTree = "<group>";
		};
/* End PBXVariantGroup section */

/* Begin XCBuildConfiguration section */
		E185EA25166598D80026FFB3 /* Debug */ = {
			isa = XCBuildConfiguration;
			buildSettings = {
				ALWAYS_SEARCH_USER_PATHS = NO;
				CLANG_CXX_LANGUAGE_STANDARD = "gnu++0x";
				CLANG_CXX_LIBRARY = "libc++";
				CLANG_WARN_EMPTY_BODY = YES;
				CLANG_WARN__DUPLICATE_METHOD_MATCH = YES;
				"CODE_SIGN_IDENTITY[sdk=iphoneos*]" = "iPhone Developer";
				COPY_PHASE_STRIP = NO;
				GCC_C_LANGUAGE_STANDARD = gnu99;
				GCC_DYNAMIC_NO_PIC = NO;
				GCC_OPTIMIZATION_LEVEL = 0;
				GCC_PREPROCESSOR_DEFINITIONS = (
					"DEBUG=1",
					"$(inherited)",
				);
				GCC_SYMBOLS_PRIVATE_EXTERN = NO;
				GCC_WARN_ABOUT_RETURN_TYPE = YES;
				GCC_WARN_UNINITIALIZED_AUTOS = YES;
				GCC_WARN_UNUSED_VARIABLE = YES;
				IPHONEOS_DEPLOYMENT_TARGET = 6.0;
				SDKROOT = iphoneos;
				TARGETED_DEVICE_FAMILY = "1,2";
			};
			name = Debug;
		};
		E185EA26166598D80026FFB3 /* Release */ = {
			isa = XCBuildConfiguration;
			buildSettings = {
				ALWAYS_SEARCH_USER_PATHS = NO;
				CLANG_CXX_LANGUAGE_STANDARD = "gnu++0x";
				CLANG_CXX_LIBRARY = "libc++";
				CLANG_WARN_EMPTY_BODY = YES;
				CLANG_WARN__DUPLICATE_METHOD_MATCH = YES;
				"CODE_SIGN_IDENTITY[sdk=iphoneos*]" = "iPhone Developer";
				COPY_PHASE_STRIP = YES;
				GCC_C_LANGUAGE_STANDARD = gnu99;
				GCC_WARN_ABOUT_RETURN_TYPE = YES;
				GCC_WARN_UNINITIALIZED_AUTOS = YES;
				GCC_WARN_UNUSED_VARIABLE = YES;
				IPHONEOS_DEPLOYMENT_TARGET = 6.0;
				OTHER_CFLAGS = "-DNS_BLOCK_ASSERTIONS=1";
				SDKROOT = iphoneos;
				TARGETED_DEVICE_FAMILY = "1,2";
				VALIDATE_PRODUCT = YES;
			};
			name = Release;
		};
		E185EA28166598D80026FFB3 /* Debug */ = {
			isa = XCBuildConfiguration;
			buildSettings = {
				GCC_PRECOMPILE_PREFIX_HEADER = YES;
				GCC_PREFIX_HEADER = "ClickTransparentImage/ClickTransparentImage-Prefix.pch";
				INFOPLIST_FILE = "ClickTransparentImage/ClickTransparentImage-Info.plist";
				PRODUCT_NAME = "$(TARGET_NAME)";
				WRAPPER_EXTENSION = app;
			};
			name = Debug;
		};
		E185EA29166598D80026FFB3 /* Release */ = {
			isa = XCBuildConfiguration;
			buildSettings = {
				GCC_PRECOMPILE_PREFIX_HEADER = YES;
				GCC_PREFIX_HEADER = "ClickTransparentImage/ClickTransparentImage-Prefix.pch";
				INFOPLIST_FILE = "ClickTransparentImage/ClickTransparentImage-Info.plist";
				PRODUCT_NAME = "$(TARGET_NAME)";
				WRAPPER_EXTENSION = app;
			};
			name = Release;
		};
/* End XCBuildConfiguration section */

/* Begin XCConfigurationList section */
		E185E9FA166598D80026FFB3 /* Build configuration list for PBXProject "ClickTransparentImage" */ = {
			isa = XCConfigurationList;
			buildConfigurations = (
				E185EA25166598D80026FFB3 /* Debug */,
				E185EA26166598D80026FFB3 /* Release */,
			);
			defaultConfigurationIsVisible = 0;
			defaultConfigurationName = Release;
		};
		E185EA27166598D80026FFB3 /* Build configuration list for PBXNativeTarget "ClickTransparentImage" */ = {
			isa = XCConfigurationList;
			buildConfigurations = (
				E185EA28166598D80026FFB3 /* Debug */,
				E185EA29166598D80026FFB3 /* Release */,
			);
			defaultConfigurationIsVisible = 0;
		};
/* End XCConfigurationList section */
	};
	rootObject = E185E9F7166598D80026FFB3 /* Project object */;
}
